// !$*UTF8*$!
{
	archiveVersion = 1;
	classes = {
	};
	objectVersion = 46;
	objects = {

/* Begin PBXBuildFile section */
		9980B7C11D137FC3006408D9 /* iAd.framework in Frameworks */ = {isa = PBXBuildFile; fileRef = 9980B7C01D137FC3006408D9 /* iAd.framework */; };
		999A08EC1D0FF07A0065C9BA /* AppDelegate.swift in Sources */ = {isa = PBXBuildFile; fileRef = 999A08EB1D0FF07A0065C9BA /* AppDelegate.swift */; };
		999A08F11D0FF07A0065C9BA /* Main.storyboard in Resources */ = {isa = PBXBuildFile; fileRef = 999A08EF1D0FF07A0065C9BA /* Main.storyboard */; };
		999A08F31D0FF07A0065C9BA /* Assets.xcassets in Resources */ = {isa = PBXBuildFile; fileRef = 999A08F21D0FF07A0065C9BA /* Assets.xcassets */; };
		999A08F61D0FF07A0065C9BA /* LaunchScreen.storyboard in Resources */ = {isa = PBXBuildFile; fileRef = 999A08F41D0FF07A0065C9BA /* LaunchScreen.storyboard */; };
		99C3676D1D13532300606905 /* ViewController.swift in Sources */ = {isa = PBXBuildFile; fileRef = 99C3676C1D13532300606905 /* ViewController.swift */; };
		99D40DA31D1233FB0011E1E8 /* Pods_The_Weather_App.framework in Frameworks */ = {isa = PBXBuildFile; fileRef = 803E24F9795378906AA0114F /* Pods_The_Weather_App.framework */; };
		99D40DA71D1235150011E1E8 /* Pods_The_Weather_App.framework in Embed Frameworks */ = {isa = PBXBuildFile; fileRef = 803E24F9795378906AA0114F /* Pods_The_Weather_App.framework */; settings = {ATTRIBUTES = (CodeSignOnCopy, RemoveHeadersOnCopy, ); }; };
		99F0E0A41D1193CF0003B581 /* DailyForecastTableViewCell.swift in Sources */ = {isa = PBXBuildFile; fileRef = 99F0E0A31D1193CF0003B581 /* DailyForecastTableViewCell.swift */; };
		99F0E0A61D11989A0003B581 /* Constants.swift in Sources */ = {isa = PBXBuildFile; fileRef = 99F0E0A51D11989A0003B581 /* Constants.swift */; };
		99F0E0A81D1198E70003B581 /* ThreeHoursFCollectionViewCell.swift in Sources */ = {isa = PBXBuildFile; fileRef = 99F0E0A71D1198E70003B581 /* ThreeHoursFCollectionViewCell.swift */; };
		99F0E0AB1D11D8800003B581 /* Weather.swift in Sources */ = {isa = PBXBuildFile; fileRef = 99F0E0AA1D11D8800003B581 /* Weather.swift */; };
		99F0E0AD1D11D8D90003B581 /* CurrentWeather.swift in Sources */ = {isa = PBXBuildFile; fileRef = 99F0E0AC1D11D8D90003B581 /* CurrentWeather.swift */; };
		99F0E0AF1D1209720003B581 /* DailyWeather.swift in Sources */ = {isa = PBXBuildFile; fileRef = 99F0E0AE1D1209720003B581 /* DailyWeather.swift */; };
		99F0E0B31D120BEF0003B581 /* ThreeHoursWeather.swift in Sources */ = {isa = PBXBuildFile; fileRef = 99F0E0B21D120BEF0003B581 /* ThreeHoursWeather.swift */; };
/* End PBXBuildFile section */

/* Begin PBXCopyFilesBuildPhase section */
		99D40DA81D1235150011E1E8 /* Embed Frameworks */ = {
			isa = PBXCopyFilesBuildPhase;
			buildActionMask = 2147483647;
			dstPath = "";
			dstSubfolderSpec = 10;
			files = (
				99D40DA71D1235150011E1E8 /* Pods_The_Weather_App.framework in Embed Frameworks */,
			);
			name = "Embed Frameworks";
			runOnlyForDeploymentPostprocessing = 0;
		};
/* End PBXCopyFilesBuildPhase section */

/* Begin PBXFileReference section */
		803E24F9795378906AA0114F /* Pods_The_Weather_App.framework */ = {isa = PBXFileReference; explicitFileType = wrapper.framework; includeInIndex = 0; path = Pods_The_Weather_App.framework; sourceTree = BUILT_PRODUCTS_DIR; };
		9980B7C01D137FC3006408D9 /* iAd.framework */ = {isa = PBXFileReference; lastKnownFileType = wrapper.framework; name = iAd.framework; path = System/Library/Frameworks/iAd.framework; sourceTree = SDKROOT; };
		999A08E81D0FF07A0065C9BA /* The Weather App.app */ = {isa = PBXFileReference; explicitFileType = wrapper.application; includeInIndex = 0; path = "The Weather App.app"; sourceTree = BUILT_PRODUCTS_DIR; };
		999A08EB1D0FF07A0065C9BA /* AppDelegate.swift */ = {isa = PBXFileReference; lastKnownFileType = sourcecode.swift; path = AppDelegate.swift; sourceTree = "<group>"; };
		999A08ED1D0FF07A0065C9BA /* ViewController.swift */ = {isa = PBXFileReference; lastKnownFileType = sourcecode.swift; name = ViewController.swift; path = "The Weather App/ViewController.swift"; sourceTree = "<group>"; };
		999A08F01D0FF07A0065C9BA /* Base */ = {isa = PBXFileReference; lastKnownFileType = file.storyboard; name = Base; path = Base.lproj/Main.storyboard; sourceTree = "<group>"; };
		999A08F21D0FF07A0065C9BA /* Assets.xcassets */ = {isa = PBXFileReference; lastKnownFileType = folder.assetcatalog; path = Assets.xcassets; sourceTree = "<group>"; };
		999A08F51D0FF07A0065C9BA /* Base */ = {isa = PBXFileReference; lastKnownFileType = file.storyboard; name = Base; path = Base.lproj/LaunchScreen.storyboard; sourceTree = "<group>"; };
		999A08F71D0FF07A0065C9BA /* Info.plist */ = {isa = PBXFileReference; lastKnownFileType = text.plist.xml; path = Info.plist; sourceTree = "<group>"; };
		99C3676C1D13532300606905 /* ViewController.swift */ = {isa = PBXFileReference; fileEncoding = 4; lastKnownFileType = sourcecode.swift; path = ViewController.swift; sourceTree = "<group>"; };
		99D40DA01D1233FB0011E1E8 /* Alamofire.framework */ = {isa = PBXFileReference; explicitFileType = wrapper.framework; name = Alamofire.framework; path = "/Users/yusuf_kildan/Library/Developer/Xcode/DerivedData/The_Weather_App-fbwbbrrgnxeaepatshfpjuwyiorf/Build/Products/Debug-iphoneos/Alamofire.framework"; sourceTree = "<absolute>"; };
		99F0E0A31D1193CF0003B581 /* DailyForecastTableViewCell.swift */ = {isa = PBXFileReference; fileEncoding = 4; lastKnownFileType = sourcecode.swift; path = DailyForecastTableViewCell.swift; sourceTree = "<group>"; };
		99F0E0A51D11989A0003B581 /* Constants.swift */ = {isa = PBXFileReference; fileEncoding = 4; lastKnownFileType = sourcecode.swift; path = Constants.swift; sourceTree = "<group>"; };
		99F0E0A71D1198E70003B581 /* ThreeHoursFCollectionViewCell.swift */ = {isa = PBXFileReference; fileEncoding = 4; lastKnownFileType = sourcecode.swift; path = ThreeHoursFCollectionViewCell.swift; sourceTree = "<group>"; };
		99F0E0AA1D11D8800003B581 /* Weather.swift */ = {isa = PBXFileReference; fileEncoding = 4; lastKnownFileType = sourcecode.swift; path = Weather.swift; sourceTree = "<group>"; };
		99F0E0AC1D11D8D90003B581 /* CurrentWeather.swift */ = {isa = PBXFileReference; fileEncoding = 4; lastKnownFileType = sourcecode.swift; path = CurrentWeather.swift; sourceTree = "<group>"; };
		99F0E0AE1D1209720003B581 /* DailyWeather.swift */ = {isa = PBXFileReference; fileEncoding = 4; lastKnownFileType = sourcecode.swift; path = DailyWeather.swift; sourceTree = "<group>"; };
		99F0E0B21D120BEF0003B581 /* ThreeHoursWeather.swift */ = {isa = PBXFileReference; fileEncoding = 4; lastKnownFileType = sourcecode.swift; path = ThreeHoursWeather.swift; sourceTree = "<group>"; };
		AC2712791739396C9527C81A /* Pods-The Weather App.debug.xcconfig */ = {isa = PBXFileReference; includeInIndex = 1; lastKnownFileType = text.xcconfig; name = "Pods-The Weather App.debug.xcconfig"; path = "Pods/Target Support Files/Pods-The Weather App/Pods-The Weather App.debug.xcconfig"; sourceTree = "<group>"; };
		FFD6D1FA34DA487CA6CA26AD /* Pods-The Weather App.release.xcconfig */ = {isa = PBXFileReference; includeInIndex = 1; lastKnownFileType = text.xcconfig; name = "Pods-The Weather App.release.xcconfig"; path = "Pods/Target Support Files/Pods-The Weather App/Pods-The Weather App.release.xcconfig"; sourceTree = "<group>"; };
/* End PBXFileReference section */

/* Begin PBXFrameworksBuildPhase section */
		999A08E51D0FF07A0065C9BA /* Frameworks */ = {
			isa = PBXFrameworksBuildPhase;
			buildActionMask = 2147483647;
			files = (
				9980B7C11D137FC3006408D9 /* iAd.framework in Frameworks */,
				99D40DA31D1233FB0011E1E8 /* Pods_The_Weather_App.framework in Frameworks */,
			);
			runOnlyForDeploymentPostprocessing = 0;
		};
/* End PBXFrameworksBuildPhase section */

/* Begin PBXGroup section */
		2319DA3716475546B0013E56 /* Pods */ = {
			isa = PBXGroup;
			children = (
				999A08ED1D0FF07A0065C9BA /* ViewController.swift */,
				AC2712791739396C9527C81A /* Pods-The Weather App.debug.xcconfig */,
				FFD6D1FA34DA487CA6CA26AD /* Pods-The Weather App.release.xcconfig */,
			);
			name = Pods;
			sourceTree = "<group>";
		};
		999A08DF1D0FF07A0065C9BA = {
			isa = PBXGroup;
			children = (
				999A08EA1D0FF07A0065C9BA /* The Weather App */,
				999A08E91D0FF07A0065C9BA /* Products */,
				2319DA3716475546B0013E56 /* Pods */,
				D969EBC628307344B01C1705 /* Frameworks */,
			);
			sourceTree = "<group>";
		};
		999A08E91D0FF07A0065C9BA /* Products */ = {
			isa = PBXGroup;
			children = (
				999A08E81D0FF07A0065C9BA /* The Weather App.app */,
			);
			name = Products;
			sourceTree = "<group>";
		};
		999A08EA1D0FF07A0065C9BA /* The Weather App */ = {
			isa = PBXGroup;
			children = (
				99F0E0A91D11D8730003B581 /* Model */,
				99F0E0A01D1189620003B581 /* View */,
				99F0E09F1D11895C0003B581 /* Controller */,
				99F0E0A51D11989A0003B581 /* Constants.swift */,
				99F0E0A21D118D7C0003B581 /* Other */,
			);
			path = "The Weather App";
			sourceTree = "<group>";
		};
		99F0E09F1D11895C0003B581 /* Controller */ = {
			isa = PBXGroup;
			children = (
				99C3676C1D13532300606905 /* ViewController.swift */,
			);
			name = Controller;
			sourceTree = "<group>";
		};
		99F0E0A01D1189620003B581 /* View */ = {
			isa = PBXGroup;
			children = (
				999A08EF1D0FF07A0065C9BA /* Main.storyboard */,
				999A08F41D0FF07A0065C9BA /* LaunchScreen.storyboard */,
				99F0E0A31D1193CF0003B581 /* DailyForecastTableViewCell.swift */,
				99F0E0A71D1198E70003B581 /* ThreeHoursFCollectionViewCell.swift */,
			);
			name = View;
			sourceTree = "<group>";
		};
		99F0E0A21D118D7C0003B581 /* Other */ = {
			isa = PBXGroup;
			children = (
				999A08EB1D0FF07A0065C9BA /* AppDelegate.swift */,
				999A08F71D0FF07A0065C9BA /* Info.plist */,
				999A08F21D0FF07A0065C9BA /* Assets.xcassets */,
			);
			name = Other;
			sourceTree = "<group>";
		};
		99F0E0A91D11D8730003B581 /* Model */ = {
			isa = PBXGroup;
			children = (
				99F0E0AA1D11D8800003B581 /* Weather.swift */,
				99F0E0AC1D11D8D90003B581 /* CurrentWeather.swift */,
				99F0E0B21D120BEF0003B581 /* ThreeHoursWeather.swift */,
				99F0E0AE1D1209720003B581 /* DailyWeather.swift */,
			);
			name = Model;
			sourceTree = "<group>";
		};
		D969EBC628307344B01C1705 /* Frameworks */ = {
			isa = PBXGroup;
			children = (
				99D40DA01D1233FB0011E1E8 /* Alamofire.framework */,
				9980B7C01D137FC3006408D9 /* iAd.framework */,
				803E24F9795378906AA0114F /* Pods_The_Weather_App.framework */,
			);
			name = Frameworks;
			sourceTree = "<group>";
		};
/* End PBXGroup section */

/* Begin PBXNativeTarget section */
		999A08E71D0FF07A0065C9BA /* The Weather App */ = {
			isa = PBXNativeTarget;
			buildConfigurationList = 999A08FA1D0FF07A0065C9BA /* Build configuration list for PBXNativeTarget "The Weather App" */;
			buildPhases = (
				AC905924BA619018EF11AE89 /* Check Pods Manifest.lock */,
				999A08E41D0FF07A0065C9BA /* Sources */,
				999A08E51D0FF07A0065C9BA /* Frameworks */,
				999A08E61D0FF07A0065C9BA /* Resources */,
				B320D1F7AB57F4AD11B55AF7 /* Embed Pods Frameworks */,
				839B3A91CB9F4EE45D9D2A62 /* Copy Pods Resources */,
				99D40DA81D1235150011E1E8 /* Embed Frameworks */,
			);
			buildRules = (
			);
			dependencies = (
			);
			name = "The Weather App";
			productName = "The Weather App";
			productReference = 999A08E81D0FF07A0065C9BA /* The Weather App.app */;
			productType = "com.apple.product-type.application";
		};
/* End PBXNativeTarget section */

/* Begin PBXProject section */
		999A08E01D0FF07A0065C9BA /* Project object */ = {
			isa = PBXProject;
			attributes = {
				LastSwiftUpdateCheck = 0730;
				LastUpgradeCheck = 0730;
				ORGANIZATIONNAME = yusuf_kildan;
				TargetAttributes = {
					999A08E71D0FF07A0065C9BA = {
						CreatedOnToolsVersion = 7.3;
						DevelopmentTeam = TS6988L5X8;
						SystemCapabilities = {
							com.apple.BackgroundModes = {
								enabled = 1;
							};
						};
					};
				};
			};
			buildConfigurationList = 999A08E31D0FF07A0065C9BA /* Build configuration list for PBXProject "The Weather App" */;
			compatibilityVersion = "Xcode 3.2";
			developmentRegion = English;
			hasScannedForEncodings = 0;
			knownRegions = (
				en,
				Base,
			);
			mainGroup = 999A08DF1D0FF07A0065C9BA;
			productRefGroup = 999A08E91D0FF07A0065C9BA /* Products */;
			projectDirPath = "";
			projectRoot = "";
			targets = (
				999A08E71D0FF07A0065C9BA /* The Weather App */,
			);
		};
/* End PBXProject section */

/* Begin PBXResourcesBuildPhase section */
		999A08E61D0FF07A0065C9BA /* Resources */ = {
			isa = PBXResourcesBuildPhase;
			buildActionMask = 2147483647;
			files = (
				999A08F61D0FF07A0065C9BA /* LaunchScreen.storyboard in Resources */,
				999A08F31D0FF07A0065C9BA /* Assets.xcassets in Resources */,
				999A08F11D0FF07A0065C9BA /* Main.storyboard in Resources */,
			);
			runOnlyForDeploymentPostprocessing = 0;
		};
/* End PBXResourcesBuildPhase section */

/* Begin PBXShellScriptBuildPhase section */
		839B3A91CB9F4EE45D9D2A62 /* Copy Pods Resources */ = {
			isa = PBXShellScriptBuildPhase;
			buildActionMask = 2147483647;
			files = (
			);
			inputPaths = (
			);
			name = "Copy Pods Resources";
			outputPaths = (
			);
			runOnlyForDeploymentPostprocessing = 0;
			shellPath = /bin/sh;
			shellScript = "\"${SRCROOT}/Pods/Target Support Files/Pods-The Weather App/Pods-The Weather App-resources.sh\"\n";
			showEnvVarsInLog = 0;
		};
		AC905924BA619018EF11AE89 /* Check Pods Manifest.lock */ = {
			isa = PBXShellScriptBuildPhase;
			buildActionMask = 2147483647;
			files = (
			);
			inputPaths = (
			);
			name = "Check Pods Manifest.lock";
			outputPaths = (
			);
			runOnlyForDeploymentPostprocessing = 0;
			shellPath = /bin/sh;
			shellScript = "diff \"${PODS_ROOT}/../Podfile.lock\" \"${PODS_ROOT}/Manifest.lock\" > /dev/null\nif [[ $? != 0 ]] ; then\n    cat << EOM\nerror: The sandbox is not in sync with the Podfile.lock. Run 'pod install' or update your CocoaPods installation.\nEOM\n    exit 1\nfi\n";
			showEnvVarsInLog = 0;
		};
		B320D1F7AB57F4AD11B55AF7 /* Embed Pods Frameworks */ = {
			isa = PBXShellScriptBuildPhase;
			buildActionMask = 2147483647;
			files = (
			);
			inputPaths = (
			);
			name = "Embed Pods Frameworks";
			outputPaths = (
			);
			runOnlyForDeploymentPostprocessing = 0;
			shellPath = /bin/sh;
			shellScript = "\"${SRCROOT}/Pods/Target Support Files/Pods-The Weather App/Pods-The Weather App-frameworks.sh\"\n";
			showEnvVarsInLog = 0;
		};
/* End PBXShellScriptBuildPhase section */

/* Begin PBXSourcesBuildPhase section */
		999A08E41D0FF07A0065C9BA /* Sources */ = {
			isa = PBXSourcesBuildPhase;
			buildActionMask = 2147483647;
			files = (
				99F0E0AF1D1209720003B581 /* DailyWeather.swift in Sources */,
				999A08EC1D0FF07A0065C9BA /* AppDelegate.swift in Sources */,
				99F0E0A81D1198E70003B581 /* ThreeHoursFCollectionViewCell.swift in Sources */,
				99C3676D1D13532300606905 /* ViewController.swift in Sources */,
				99F0E0AD1D11D8D90003B581 /* CurrentWeather.swift in Sources */,
				99F0E0A41D1193CF0003B581 /* DailyForecastTableViewCell.swift in Sources */,
				99F0E0AB1D11D8800003B581 /* Weather.swift in Sources */,
				99F0E0A61D11989A0003B581 /* Constants.swift in Sources */,
				99F0E0B31D120BEF0003B581 /* ThreeHoursWeather.swift in Sources */,
			);
			runOnlyForDeploymentPostprocessing = 0;
		};
/* End PBXSourcesBuildPhase section */

/* Begin PBXVariantGroup section */
		999A08EF1D0FF07A0065C9BA /* Main.storyboard */ = {
			isa = PBXVariantGroup;
			children = (
				999A08F01D0FF07A0065C9BA /* Base */,
			);
			name = Main.storyboard;
			sourceTree = "<group>";
		};
		999A08F41D0FF07A0065C9BA /* LaunchScreen.storyboard */ = {
			isa = PBXVariantGroup;
			children = (
				999A08F51D0FF07A0065C9BA /* Base */,
			);
			name = LaunchScreen.storyboard;
			sourceTree = "<group>";
		};
/* End PBXVariantGroup section */

/* Begin XCBuildConfiguration section */
		999A08F81D0FF07A0065C9BA /* Debug */ = {
			isa = XCBuildConfiguration;
			buildSettings = {
				ALWAYS_SEARCH_USER_PATHS = NO;
				CLANG_ANALYZER_NONNULL = YES;
				CLANG_CXX_LANGUAGE_STANDARD = "gnu++0x";
				CLANG_CXX_LIBRARY = "libc++";
				CLANG_ENABLE_MODULES = YES;
				CLANG_ENABLE_OBJC_ARC = YES;
				CLANG_WARN_BOOL_CONVERSION = YES;
				CLANG_WARN_CONSTANT_CONVERSION = YES;
				CLANG_WARN_DIRECT_OBJC_ISA_USAGE = YES_ERROR;
				CLANG_WARN_EMPTY_BODY = YES;
				CLANG_WARN_ENUM_CONVERSION = YES;
				CLANG_WARN_INT_CONVERSION = YES;
				CLANG_WARN_OBJC_ROOT_CLASS = YES_ERROR;
				CLANG_WARN_UNREACHABLE_CODE = YES;
				CLANG_WARN__DUPLICATE_METHOD_MATCH = YES;
				"CODE_SIGN_IDENTITY[sdk=iphoneos*]" = "iPhone Developer";
				COPY_PHASE_STRIP = NO;
				DEBUG_INFORMATION_FORMAT = dwarf;
				ENABLE_STRICT_OBJC_MSGSEND = YES;
				ENABLE_TESTABILITY = YES;
				GCC_C_LANGUAGE_STANDARD = gnu99;
				GCC_DYNAMIC_NO_PIC = NO;
				GCC_NO_COMMON_BLOCKS = YES;
				GCC_OPTIMIZATION_LEVEL = 0;
				GCC_PREPROCESSOR_DEFINITIONS = (
					"DEBUG=1",
					"$(inherited)",
				);
				GCC_WARN_64_TO_32_BIT_CONVERSION = YES;
				GCC_WARN_ABOUT_RETURN_TYPE = YES_ERROR;
				GCC_WARN_UNDECLARED_SELECTOR = YES;
				GCC_WARN_UNINITIALIZED_AUTOS = YES_AGGRESSIVE;
				GCC_WARN_UNUSED_FUNCTION = YES;
				GCC_WARN_UNUSED_VARIABLE = YES;
				IPHONEOS_DEPLOYMENT_TARGET = 9.3;
				MTL_ENABLE_DEBUG_INFO = YES;
				ONLY_ACTIVE_ARCH = YES;
				SDKROOT = iphoneos;
				SWIFT_OPTIMIZATION_LEVEL = "-Onone";
				TARGETED_DEVICE_FAMILY = "1,2";
			};
			name = Debug;
		};
		999A08F91D0FF07A0065C9BA /* Release */ = {
			isa = XCBuildConfiguration;
			buildSettings = {
				ALWAYS_SEARCH_USER_PATHS = NO;
				CLANG_ANALYZER_NONNULL = YES;
				CLANG_CXX_LANGUAGE_STANDARD = "gnu++0x";
				CLANG_CXX_LIBRARY = "libc++";
				CLANG_ENABLE_MODULES = YES;
				CLANG_ENABLE_OBJC_ARC = YES;
				CLANG_WARN_BOOL_CONVERSION = YES;
				CLANG_WARN_CONSTANT_CONVERSION = YES;
				CLANG_WARN_DIRECT_OBJC_ISA_USAGE = YES_ERROR;
				CLANG_WARN_EMPTY_BODY = YES;
				CLANG_WARN_ENUM_CONVERSION = YES;
				CLANG_WARN_INT_CONVERSION = YES;
				CLANG_WARN_OBJC_ROOT_CLASS = YES_ERROR;
				CLANG_WARN_UNREACHABLE_CODE = YES;
				CLANG_WARN__DUPLICATE_METHOD_MATCH = YES;
				"CODE_SIGN_IDENTITY[sdk=iphoneos*]" = "iPhone Developer";
				COPY_PHASE_STRIP = NO;
				DEBUG_INFORMATION_FORMAT = "dwarf-with-dsym";
				ENABLE_NS_ASSERTIONS = NO;
				ENABLE_STRICT_OBJC_MSGSEND = YES;
				GCC_C_LANGUAGE_STANDARD = gnu99;
				GCC_NO_COMMON_BLOCKS = YES;
				GCC_WARN_64_TO_32_BIT_CONVERSION = YES;
				GCC_WARN_ABOUT_RETURN_TYPE = YES_ERROR;
				GCC_WARN_UNDECLARED_SELECTOR = YES;
				GCC_WARN_UNINITIALIZED_AUTOS = YES_AGGRESSIVE;
				GCC_WARN_UNUSED_FUNCTION = YES;
				GCC_WARN_UNUSED_VARIABLE = YES;
				IPHONEOS_DEPLOYMENT_TARGET = 9.3;
				MTL_ENABLE_DEBUG_INFO = NO;
				SDKROOT = iphoneos;
				SWIFT_OPTIMIZATION_LEVEL = "-Onone";
				TARGETED_DEVICE_FAMILY = "1,2";
				VALIDATE_PRODUCT = YES;
			};
			name = Release;
		};
		999A08FB1D0FF07A0065C9BA /* Debug */ = {
			isa = XCBuildConfiguration;
			baseConfigurationReference = AC2712791739396C9527C81A /* Pods-The Weather App.debug.xcconfig */;
			buildSettings = {
				ASSETCATALOG_COMPILER_APPICON_NAME = AppIcon;
				CODE_SIGN_IDENTITY = "iPhone Developer";
				INFOPLIST_FILE = "The Weather App/Info.plist";
				LD_RUNPATH_SEARCH_PATHS = " @executable_path/Frameworks";
				PRODUCT_BUNDLE_IDENTIFIER = "com.yusufkildan.The-Weather-App";
				PRODUCT_NAME = "$(TARGET_NAME)";
			};
			name = Debug;
		};
		999A08FC1D0FF07A0065C9BA /* Release */ = {
			isa = XCBuildConfiguration;
			baseConfigurationReference = FFD6D1FA34DA487CA6CA26AD /* Pods-The Weather App.release.xcconfig */;
			buildSettings = {
				ASSETCATALOG_COMPILER_APPICON_NAME = AppIcon;
				CODE_SIGN_IDENTITY = "iPhone Developer";
				INFOPLIST_FILE = "The Weather App/Info.plist";
				LD_RUNPATH_SEARCH_PATHS = " @executable_path/Frameworks";
				PRODUCT_BUNDLE_IDENTIFIER = "com.yusufkildan.The-Weather-App";
				PRODUCT_NAME = "$(TARGET_NAME)";
			};
			name = Release;
		};
/* End XCBuildConfiguration section */

/* Begin XCConfigurationList section */
		999A08E31D0FF07A0065C9BA /* Build configuration list for PBXProject "The Weather App" */ = {
			isa = XCConfigurationList;
			buildConfigurations = (
				999A08F81D0FF07A0065C9BA /* Debug */,
				999A08F91D0FF07A0065C9BA /* Release */,
			);
			defaultConfigurationIsVisible = 0;
			defaultConfigurationName = Release;
		};
		999A08FA1D0FF07A0065C9BA /* Build configuration list for PBXNativeTarget "The Weather App" */ = {
			isa = XCConfigurationList;
			buildConfigurations = (
				999A08FB1D0FF07A0065C9BA /* Debug */,
				999A08FC1D0FF07A0065C9BA /* Release */,
			);
			defaultConfigurationIsVisible = 0;
			defaultConfigurationName = Release;
		};
/* End XCConfigurationList section */
	};
	rootObject = 999A08E01D0FF07A0065C9BA /* Project object */;
}
